// !$*UTF8*$!
{
	archiveVersion = 1;
	classes = {
	};
	objectVersion = 46;
	objects = {
/* Begin PBXBuildFile section */
		0207DA581B56EA530066E2B4 /* Images.xcassets in Resources */ = {isa = PBXBuildFile; fileRef = 0207DA571B56EA530066E2B4 /* Images.xcassets */; };
		1D3623260D0F684500981E51 /* AppDelegate.m in Sources */ = {isa = PBXBuildFile; fileRef = 1D3623250D0F684500981E51 /* AppDelegate.m */; };
		1D60589B0D05DD56006BFB54 /* main.m in Sources */ = {isa = PBXBuildFile; fileRef = 29B97316FDCFA39411CA2CEA /* main.m */; };
		301BF552109A68D80062928A /* libCordova.a in Frameworks */ = {isa = PBXBuildFile; fileRef = 301BF535109A57CC0062928A /* libCordova.a */; };
		302D95F114D2391D003F00A1 /* MainViewController.m in Sources */ = {isa = PBXBuildFile; fileRef = 302D95EF14D2391D003F00A1 /* MainViewController.m */; };
		302D95F214D2391D003F00A1 /* MainViewController.xib in Resources */ = {isa = PBXBuildFile; fileRef = 302D95F014D2391D003F00A1 /* MainViewController.xib */; };
		3047A5121AB8059700498E2A /* build-debug.xcconfig in Resources */ = {isa = PBXBuildFile; fileRef = 3047A50F1AB8059700498E2A /* build-debug.xcconfig */; };
		3047A5131AB8059700498E2A /* build-release.xcconfig in Resources */ = {isa = PBXBuildFile; fileRef = 3047A5101AB8059700498E2A /* build-release.xcconfig */; };
		3047A5141AB8059700498E2A /* build.xcconfig in Resources */ = {isa = PBXBuildFile; fileRef = 3047A5111AB8059700498E2A /* build.xcconfig */; };
		6AFF5BF91D6E424B00AB3073 /* CDVLaunchScreen.storyboard in Resources */ = {isa = PBXBuildFile; fileRef = 6AFF5BF81D6E424B00AB3073 /* CDVLaunchScreen.storyboard */; };
		DD999B79A90646E2A724A1CE /* CDVDevice.m in Sources */ = {isa = PBXBuildFile; fileRef = 03E8E1785DF34287A7F60B11 /* CDVDevice.m */; };
		6067BDB8EF7440E1B646344C /* libz.tbd in Frameworks */ = {isa = PBXBuildFile; fileRef = D9874F41775445A9A4CCF1B5 /* libz.tbd */; };
		000F69B267DF4BC2BB11EF6D /* CDVSplashScreen.m in Sources */ = {isa = PBXBuildFile; fileRef = 041882C497744098A72A98C9 /* CDVSplashScreen.m */; };
		33FFAF8973CA4253922609AA /* CDVViewController+SplashScreen.m in Sources */ = {isa = PBXBuildFile; fileRef = CA745F89FB274485B60A7ED5 /* CDVViewController+SplashScreen.m */; };
		C77F2E6DEC0142ED98E857E1 /* CDVWKWebViewEngine.m in Sources */ = {isa = PBXBuildFile; fileRef = 7DA275E9D0E74B0A9D9DE7EB /* CDVWKWebViewEngine.m */; };
		A3E363D17C6448A0B1C8AC8E /* CDVWKWebViewUIDelegate.m in Sources */ = {isa = PBXBuildFile; fileRef = 73DFF28C177145468636B3D7 /* CDVWKWebViewUIDelegate.m */; };
		C6F4179B01DB410FA8EB183D /* CDVWKProcessPoolFactory.m in Sources */ = {isa = PBXBuildFile; fileRef = E220F59940DC4A7495904400 /* CDVWKProcessPoolFactory.m */; };
		621D48E0A6834D8CA6C3961D /* GCDWebServer.m in Sources */ = {isa = PBXBuildFile; fileRef = 59A5376F2D034DAA9E31BAB9 /* GCDWebServer.m */; };
		C88B5872494A4D06B4434FFC /* GCDWebServerConnection.m in Sources */ = {isa = PBXBuildFile; fileRef = E0708050AC3541568936EA2E /* GCDWebServerConnection.m */; };
		2B4AAF9F2A7640D38C18FABE /* GCDWebServerFunctions.m in Sources */ = {isa = PBXBuildFile; fileRef = 99BA9B4859CA4E0E972AB3BD /* GCDWebServerFunctions.m */; };
		31D3B6B17F184E74BA4730B0 /* GCDWebServerRequest.m in Sources */ = {isa = PBXBuildFile; fileRef = 612725D1715B4AB494E93B72 /* GCDWebServerRequest.m */; };
		8DD10F48973D4680B08D78F3 /* GCDWebServerResponse.m in Sources */ = {isa = PBXBuildFile; fileRef = 76EFF2AE5AEA485B9297660F /* GCDWebServerResponse.m */; };
		6AD360C8D9294B7A9D549B96 /* GCDWebServerDataRequest.m in Sources */ = {isa = PBXBuildFile; fileRef = F005B25F0A70471CAB817425 /* GCDWebServerDataRequest.m */; };
		2803E503FACA4A1E8D6C47AC /* GCDWebServerFileRequest.m in Sources */ = {isa = PBXBuildFile; fileRef = CF35BD40955C47DFA10D261F /* GCDWebServerFileRequest.m */; };
		8E9825AC4B5440C1AA747F64 /* GCDWebServerMultiPartFormRequest.m in Sources */ = {isa = PBXBuildFile; fileRef = 300BD65DA98A44D1BAD62D6A /* GCDWebServerMultiPartFormRequest.m */; };
		F953E0D4CE5746B684EBECDA /* GCDWebServerURLEncodedFormRequest.m in Sources */ = {isa = PBXBuildFile; fileRef = 7F01A9BC4CD54D76884136C0 /* GCDWebServerURLEncodedFormRequest.m */; };
		6CE823D1CDB3411896F1CA7F /* GCDWebServerDataResponse.m in Sources */ = {isa = PBXBuildFile; fileRef = 0CE6CF3B413845B2898DE27F /* GCDWebServerDataResponse.m */; };
		7E7EC79AD19842C592C86CE9 /* GCDWebServerErrorResponse.m in Sources */ = {isa = PBXBuildFile; fileRef = 58085E3E6F7E44FEAC64B531 /* GCDWebServerErrorResponse.m */; };
		A3D8A4BCA9EF426EBA88CBF4 /* GCDWebServerFileResponse.m in Sources */ = {isa = PBXBuildFile; fileRef = E3317BBE31B2485CADC454FE /* GCDWebServerFileResponse.m */; };
		27A06D3090E34EEC950C215A /* GCDWebServerStreamedResponse.m in Sources */ = {isa = PBXBuildFile; fileRef = 8DE63DDD8CF34EDA8678BB41 /* GCDWebServerStreamedResponse.m */; };
		00505D4393C1426E8219F072 /* WebKit.framework in Frameworks */ = {isa = PBXBuildFile; fileRef = E3951B808D7F45FD9B518AA8 /* WebKit.framework */; settings = {ATTRIBUTES = (Weak, ); }; };
		6E9E5354A4CF487BA1C178B6 /* CDVIonicKeyboard.m in Sources */ = {isa = PBXBuildFile; fileRef = 85D306E7A5804601952D2AE9 /* CDVIonicKeyboard.m */; };
		7ABC0DF8569E49EE9660BE30 /* CDVFile.m in Sources */ = {isa = PBXBuildFile; fileRef = B82120CBC4944EA5A040BD09 /* CDVFile.m */; };
		7227841C685E48A1AE4CC1DA /* CDVLocalFilesystem.m in Sources */ = {isa = PBXBuildFile; fileRef = 5E14F6831FDA48D28FBDF927 /* CDVLocalFilesystem.m */; };
		0F2B6959F708428B9AC182AA /* CDVAssetLibraryFilesystem.m in Sources */ = {isa = PBXBuildFile; fileRef = C9EAB0613AC34894AC2907DF /* CDVAssetLibraryFilesystem.m */; };
		C07A2ED636544E57801CB14F /* CDVFileTransfer.m in Sources */ = {isa = PBXBuildFile; fileRef = CA773B0BCEF148AD9846C230 /* CDVFileTransfer.m */; };
		55A6281CCF424C0D821C4AE8 /* ZipPlugin.m in Sources */ = {isa = PBXBuildFile; fileRef = C88EE25D07AC4B638E6BE253 /* ZipPlugin.m */; };
		DEEA8849BB3A4C9A9F3E5CD9 /* aescrypt.c in Resources */ = {isa = PBXBuildFile; fileRef = C4671BE3D6D244359DD6FDF8 /* aescrypt.c */; };
		F462729F81C343A695AD1151 /* aeskey.c in Resources */ = {isa = PBXBuildFile; fileRef = 7C5D15D2F4AF4628B0FCBD54 /* aeskey.c */; };
		02068D3BC3134CC288DA7F3B /* aestab.c in Resources */ = {isa = PBXBuildFile; fileRef = 707A95B8F1A24EC19D35DE61 /* aestab.c */; };
		FCA3FE4EB3954ED3A1655363 /* entropy.c in Resources */ = {isa = PBXBuildFile; fileRef = 1F62DB82C246428EA60058FB /* entropy.c */; };
		E427F8F7D1C44198BC08C7E0 /* fileenc.c in Resources */ = {isa = PBXBuildFile; fileRef = 142ADE30DB404E4A836A4F31 /* fileenc.c */; };
		9B5C202BCCE14C99AFDD86ED /* hmac.c in Resources */ = {isa = PBXBuildFile; fileRef = 16557ACEAF994AFEBBF111D3 /* hmac.c */; };
		3803AFF47E9C422BBFB8E062 /* prng.c in Resources */ = {isa = PBXBuildFile; fileRef = 9A17DBDCB3974A5B947F1D8D /* prng.c */; };
		8098C823EA9140A2A2460F61 /* pwd2key.c in Resources */ = {isa = PBXBuildFile; fileRef = 025C715690114E49A3E58482 /* pwd2key.c */; };
		FD1975EADD544749A0F9D95F /* sha1.c in Resources */ = {isa = PBXBuildFile; fileRef = 8E60857B84324DC282FA8837 /* sha1.c */; };
		2C31F4676AED4D6AACD02492 /* SSZipArchive.m in Sources */ = {isa = PBXBuildFile; fileRef = BA0CF032E61C40F3993B2067 /* SSZipArchive.m */; };
		41A7498B6D32425089AE840F /* zip.c in Resources */ = {isa = PBXBuildFile; fileRef = 13820421B3A54535B87867DA /* zip.c */; };
		973D587147A548CC98E827B0 /* unzip.c in Resources */ = {isa = PBXBuildFile; fileRef = 322DE9E552DA4FA4A1B626E6 /* unzip.c */; };
		5FBA8A74DA7B40E894C2A1C2 /* mztools.c in Resources */ = {isa = PBXBuildFile; fileRef = D0E1CFBA00404F0E8921312F /* mztools.c */; };
		AD04A006E5B14EE1A6B43ED4 /* ioapi.c in Resources */ = {isa = PBXBuildFile; fileRef = D72ED1B99DBA4E89BD7DF7F2 /* ioapi.c */; };
		94A815CCC1EF43BEB9A72F35 /* libz.dylib in Frameworks */ = {isa = PBXBuildFile; fileRef = C06105A80B484AAD9ED3C3D0 /* libz.dylib */; };
/* End PBXBuildFile section */

/* Begin PBXContainerItemProxy section */
		301BF534109A57CC0062928A /* PBXContainerItemProxy */ = {
			isa = PBXContainerItemProxy;
			containerPortal = 301BF52D109A57CC0062928A /* CordovaLib.xcodeproj */;
			proxyType = 2;
			remoteGlobalIDString = D2AAC07E0554694100DB518D;
			remoteInfo = CordovaLib;
		};
		301BF550109A68C00062928A /* PBXContainerItemProxy */ = {
			isa = PBXContainerItemProxy;
			containerPortal = 301BF52D109A57CC0062928A /* CordovaLib.xcodeproj */;
			proxyType = 1;
			remoteGlobalIDString = D2AAC07D0554694100DB518D;
			remoteInfo = CordovaLib;
		};
/* End PBXContainerItemProxy section */

/* Begin PBXFileReference section */
		0207DA571B56EA530066E2B4 /* Images.xcassets */ = {isa = PBXFileReference; lastKnownFileType = folder.assetcatalog; name = Images.xcassets; path = "TestFileUpload/Images.xcassets"; sourceTree = SOURCE_ROOT; };
		1D3623240D0F684500981E51 /* AppDelegate.h */ = {isa = PBXFileReference; fileEncoding = 4; lastKnownFileType = sourcecode.c.h; path = AppDelegate.h; sourceTree = "<group>"; };
		1D3623250D0F684500981E51 /* AppDelegate.m */ = {isa = PBXFileReference; fileEncoding = 4; lastKnownFileType = sourcecode.c.objc; path = AppDelegate.m; sourceTree = "<group>"; };
		1D6058910D05DD3D006BFB54 /* TestFileUpload.app */ = {isa = PBXFileReference; explicitFileType = wrapper.application; includeInIndex = 0; path = "TestFileUpload.app"; sourceTree = BUILT_PRODUCTS_DIR; };
		29B97316FDCFA39411CA2CEA /* main.m */ = {isa = PBXFileReference; fileEncoding = 4; lastKnownFileType = sourcecode.c.objc; path = main.m; sourceTree = "<group>"; };
		301BF52D109A57CC0062928A /* CordovaLib.xcodeproj */ = {isa = PBXFileReference; lastKnownFileType = "wrapper.pb-project"; path = CordovaLib/CordovaLib.xcodeproj; sourceTree = "<group>"; };
		301BF56E109A69640062928A /* www */ = {isa = PBXFileReference; lastKnownFileType = folder; path = www; sourceTree = SOURCE_ROOT; };
		302D95EE14D2391D003F00A1 /* MainViewController.h */ = {isa = PBXFileReference; fileEncoding = 4; lastKnownFileType = sourcecode.c.h; path = MainViewController.h; sourceTree = "<group>"; };
		302D95EF14D2391D003F00A1 /* MainViewController.m */ = {isa = PBXFileReference; fileEncoding = 4; lastKnownFileType = sourcecode.c.objc; path = MainViewController.m; sourceTree = "<group>"; };
		302D95F014D2391D003F00A1 /* MainViewController.xib */ = {isa = PBXFileReference; fileEncoding = 4; lastKnownFileType = file.xib; path = MainViewController.xib; sourceTree = "<group>"; };
		3047A50F1AB8059700498E2A /* build-debug.xcconfig */ = {isa = PBXFileReference; fileEncoding = 4; lastKnownFileType = text.xcconfig; name = "build-debug.xcconfig"; path = cordova/build-debug.xcconfig; sourceTree = SOURCE_ROOT; };
		3047A5101AB8059700498E2A /* build-release.xcconfig */ = {isa = PBXFileReference; fileEncoding = 4; lastKnownFileType = text.xcconfig; name = "build-release.xcconfig"; path = cordova/build-release.xcconfig; sourceTree = SOURCE_ROOT; };
		3047A5111AB8059700498E2A /* build.xcconfig */ = {isa = PBXFileReference; fileEncoding = 4; lastKnownFileType = text.xcconfig; name = build.xcconfig; path = cordova/build.xcconfig; sourceTree = SOURCE_ROOT; };
		32CA4F630368D1EE00C91783 /* TestFileUpload-Prefix.pch */ = {isa = PBXFileReference; fileEncoding = 4; lastKnownFileType = sourcecode.c.h; path = "TestFileUpload-Prefix.pch"; sourceTree = "<group>"; };
		6AFF5BF81D6E424B00AB3073 /* CDVLaunchScreen.storyboard */ = {isa = PBXFileReference; fileEncoding = 4; lastKnownFileType = file.storyboard; name = CDVLaunchScreen.storyboard; path = "TestFileUpload/CDVLaunchScreen.storyboard"; sourceTree = SOURCE_ROOT; };
		8D1107310486CEB800E47090 /* TestFileUpload-Info.plist */ = {isa = PBXFileReference; fileEncoding = 4; lastKnownFileType = text.plist.xml; name = "TestFileUpload-Info.plist"; path = "TestFileUpload/TestFileUpload-Info.plist"; plistStructureDefinitionIdentifier = "com.apple.xcode.plist.structure-definition.iphone.info-plist"; sourceTree = SOURCE_ROOT; };
		EB87FDF31871DA8E0020F90C /* www */ = {isa = PBXFileReference; lastKnownFileType = folder; name = www; path = ../../www; sourceTree = "<group>"; };
		EB87FDF41871DAF40020F90C /* config.xml */ = {isa = PBXFileReference; lastKnownFileType = text.xml; name = config.xml; path = ../../config.xml; sourceTree = "<group>"; };
		F840E1F0165FE0F500CFE078 /* config.xml */ = {isa = PBXFileReference; lastKnownFileType = text.xml; name = config.xml; path = "TestFileUpload/config.xml"; sourceTree = "<group>"; };
		ED33DF2A687741AEAF9F8254 /* Bridging-Header.h */ = {isa = PBXFileReference; fileEncoding = 4; lastKnownFileType = sourcecode.c.h; name = "Bridging-Header.h"; path = "Bridging-Header.h"; sourceTree = "<group>"; };
		03E8E1785DF34287A7F60B11 /* CDVDevice.m */ = {isa = PBXFileReference; name = "CDVDevice.m"; path = "cordova-plugin-device/CDVDevice.m"; sourceTree = "<group>"; fileEncoding = 4; lastKnownFileType = sourcecode.c.objc; explicitFileType = undefined; includeInIndex = 0; };
		3716D41435224C7ABC61863B /* CDVDevice.h */ = {isa = PBXFileReference; name = "CDVDevice.h"; path = "cordova-plugin-device/CDVDevice.h"; sourceTree = "<group>"; fileEncoding = 4; lastKnownFileType = sourcecode.c.h; explicitFileType = undefined; includeInIndex = 0; };
		D9874F41775445A9A4CCF1B5 /* libz.tbd */ = {isa = PBXFileReference; name = "libz.tbd"; path = "usr/lib/libz.tbd"; sourceTree = SDKROOT; fileEncoding = undefined; lastKnownFileType = sourcecode.text-based-dylib-definition; explicitFileType = undefined; includeInIndex = 0; };
		041882C497744098A72A98C9 /* CDVSplashScreen.m */ = {isa = PBXFileReference; name = "CDVSplashScreen.m"; path = "cordova-plugin-splashscreen/CDVSplashScreen.m"; sourceTree = "<group>"; fileEncoding = 4; lastKnownFileType = sourcecode.c.objc; explicitFileType = undefined; includeInIndex = 0; };
		CA745F89FB274485B60A7ED5 /* CDVViewController+SplashScreen.m */ = {isa = PBXFileReference; name = "CDVViewController+SplashScreen.m"; path = "cordova-plugin-splashscreen/CDVViewController+SplashScreen.m"; sourceTree = "<group>"; fileEncoding = 4; lastKnownFileType = sourcecode.c.objc; explicitFileType = undefined; includeInIndex = 0; };
		6E642F9DD0194E1AAEB18746 /* CDVSplashScreen.h */ = {isa = PBXFileReference; name = "CDVSplashScreen.h"; path = "cordova-plugin-splashscreen/CDVSplashScreen.h"; sourceTree = "<group>"; fileEncoding = 4; lastKnownFileType = sourcecode.c.h; explicitFileType = undefined; includeInIndex = 0; };
		BEF515AE394A473D89B585F5 /* CDVViewController+SplashScreen.h */ = {isa = PBXFileReference; name = "CDVViewController+SplashScreen.h"; path = "cordova-plugin-splashscreen/CDVViewController+SplashScreen.h"; sourceTree = "<group>"; fileEncoding = 4; lastKnownFileType = sourcecode.c.h; explicitFileType = undefined; includeInIndex = 0; };
		7DA275E9D0E74B0A9D9DE7EB /* CDVWKWebViewEngine.m */ = {isa = PBXFileReference; name = "CDVWKWebViewEngine.m"; path = "cordova-plugin-ionic-webview/CDVWKWebViewEngine.m"; sourceTree = "<group>"; fileEncoding = 4; lastKnownFileType = sourcecode.c.objc; explicitFileType = undefined; includeInIndex = 0; };
		73DFF28C177145468636B3D7 /* CDVWKWebViewUIDelegate.m */ = {isa = PBXFileReference; name = "CDVWKWebViewUIDelegate.m"; path = "cordova-plugin-ionic-webview/CDVWKWebViewUIDelegate.m"; sourceTree = "<group>"; fileEncoding = 4; lastKnownFileType = sourcecode.c.objc; explicitFileType = undefined; includeInIndex = 0; };
		E220F59940DC4A7495904400 /* CDVWKProcessPoolFactory.m */ = {isa = PBXFileReference; name = "CDVWKProcessPoolFactory.m"; path = "cordova-plugin-ionic-webview/CDVWKProcessPoolFactory.m"; sourceTree = "<group>"; fileEncoding = 4; lastKnownFileType = sourcecode.c.objc; explicitFileType = undefined; includeInIndex = 0; };
		59A5376F2D034DAA9E31BAB9 /* GCDWebServer.m */ = {isa = PBXFileReference; name = "GCDWebServer.m"; path = "cordova-plugin-ionic-webview/GCDWebServer.m"; sourceTree = "<group>"; fileEncoding = 4; lastKnownFileType = sourcecode.c.objc; explicitFileType = undefined; includeInIndex = 0; };
		E0708050AC3541568936EA2E /* GCDWebServerConnection.m */ = {isa = PBXFileReference; name = "GCDWebServerConnection.m"; path = "cordova-plugin-ionic-webview/GCDWebServerConnection.m"; sourceTree = "<group>"; fileEncoding = 4; lastKnownFileType = sourcecode.c.objc; explicitFileType = undefined; includeInIndex = 0; };
		99BA9B4859CA4E0E972AB3BD /* GCDWebServerFunctions.m */ = {isa = PBXFileReference; name = "GCDWebServerFunctions.m"; path = "cordova-plugin-ionic-webview/GCDWebServerFunctions.m"; sourceTree = "<group>"; fileEncoding = 4; lastKnownFileType = sourcecode.c.objc; explicitFileType = undefined; includeInIndex = 0; };
		612725D1715B4AB494E93B72 /* GCDWebServerRequest.m */ = {isa = PBXFileReference; name = "GCDWebServerRequest.m"; path = "cordova-plugin-ionic-webview/GCDWebServerRequest.m"; sourceTree = "<group>"; fileEncoding = 4; lastKnownFileType = sourcecode.c.objc; explicitFileType = undefined; includeInIndex = 0; };
		76EFF2AE5AEA485B9297660F /* GCDWebServerResponse.m */ = {isa = PBXFileReference; name = "GCDWebServerResponse.m"; path = "cordova-plugin-ionic-webview/GCDWebServerResponse.m"; sourceTree = "<group>"; fileEncoding = 4; lastKnownFileType = sourcecode.c.objc; explicitFileType = undefined; includeInIndex = 0; };
		F005B25F0A70471CAB817425 /* GCDWebServerDataRequest.m */ = {isa = PBXFileReference; name = "GCDWebServerDataRequest.m"; path = "cordova-plugin-ionic-webview/GCDWebServerDataRequest.m"; sourceTree = "<group>"; fileEncoding = 4; lastKnownFileType = sourcecode.c.objc; explicitFileType = undefined; includeInIndex = 0; };
		CF35BD40955C47DFA10D261F /* GCDWebServerFileRequest.m */ = {isa = PBXFileReference; name = "GCDWebServerFileRequest.m"; path = "cordova-plugin-ionic-webview/GCDWebServerFileRequest.m"; sourceTree = "<group>"; fileEncoding = 4; lastKnownFileType = sourcecode.c.objc; explicitFileType = undefined; includeInIndex = 0; };
		300BD65DA98A44D1BAD62D6A /* GCDWebServerMultiPartFormRequest.m */ = {isa = PBXFileReference; name = "GCDWebServerMultiPartFormRequest.m"; path = "cordova-plugin-ionic-webview/GCDWebServerMultiPartFormRequest.m"; sourceTree = "<group>"; fileEncoding = 4; lastKnownFileType = sourcecode.c.objc; explicitFileType = undefined; includeInIndex = 0; };
		7F01A9BC4CD54D76884136C0 /* GCDWebServerURLEncodedFormRequest.m */ = {isa = PBXFileReference; name = "GCDWebServerURLEncodedFormRequest.m"; path = "cordova-plugin-ionic-webview/GCDWebServerURLEncodedFormRequest.m"; sourceTree = "<group>"; fileEncoding = 4; lastKnownFileType = sourcecode.c.objc; explicitFileType = undefined; includeInIndex = 0; };
		0CE6CF3B413845B2898DE27F /* GCDWebServerDataResponse.m */ = {isa = PBXFileReference; name = "GCDWebServerDataResponse.m"; path = "cordova-plugin-ionic-webview/GCDWebServerDataResponse.m"; sourceTree = "<group>"; fileEncoding = 4; lastKnownFileType = sourcecode.c.objc; explicitFileType = undefined; includeInIndex = 0; };
		58085E3E6F7E44FEAC64B531 /* GCDWebServerErrorResponse.m */ = {isa = PBXFileReference; name = "GCDWebServerErrorResponse.m"; path = "cordova-plugin-ionic-webview/GCDWebServerErrorResponse.m"; sourceTree = "<group>"; fileEncoding = 4; lastKnownFileType = sourcecode.c.objc; explicitFileType = undefined; includeInIndex = 0; };
		E3317BBE31B2485CADC454FE /* GCDWebServerFileResponse.m */ = {isa = PBXFileReference; name = "GCDWebServerFileResponse.m"; path = "cordova-plugin-ionic-webview/GCDWebServerFileResponse.m"; sourceTree = "<group>"; fileEncoding = 4; lastKnownFileType = sourcecode.c.objc; explicitFileType = undefined; includeInIndex = 0; };
		8DE63DDD8CF34EDA8678BB41 /* GCDWebServerStreamedResponse.m */ = {isa = PBXFileReference; name = "GCDWebServerStreamedResponse.m"; path = "cordova-plugin-ionic-webview/GCDWebServerStreamedResponse.m"; sourceTree = "<group>"; fileEncoding = 4; lastKnownFileType = sourcecode.c.objc; explicitFileType = undefined; includeInIndex = 0; };
		93910270CAD64A06883360B6 /* CDVWKWebViewEngine.h */ = {isa = PBXFileReference; name = "CDVWKWebViewEngine.h"; path = "cordova-plugin-ionic-webview/CDVWKWebViewEngine.h"; sourceTree = "<group>"; fileEncoding = 4; lastKnownFileType = sourcecode.c.h; explicitFileType = undefined; includeInIndex = 0; };
		65F39F125B424DF08D2E996E /* CDVWKWebViewUIDelegate.h */ = {isa = PBXFileReference; name = "CDVWKWebViewUIDelegate.h"; path = "cordova-plugin-ionic-webview/CDVWKWebViewUIDelegate.h"; sourceTree = "<group>"; fileEncoding = 4; lastKnownFileType = sourcecode.c.h; explicitFileType = undefined; includeInIndex = 0; };
		76E976E07C8545CF9DB68530 /* CDVWKProcessPoolFactory.h */ = {isa = PBXFileReference; name = "CDVWKProcessPoolFactory.h"; path = "cordova-plugin-ionic-webview/CDVWKProcessPoolFactory.h"; sourceTree = "<group>"; fileEncoding = 4; lastKnownFileType = sourcecode.c.h; explicitFileType = undefined; includeInIndex = 0; };
		08F9E2A8CC744F6EA7391EA5 /* GCDWebServer.h */ = {isa = PBXFileReference; name = "GCDWebServer.h"; path = "cordova-plugin-ionic-webview/GCDWebServer.h"; sourceTree = "<group>"; fileEncoding = 4; lastKnownFileType = sourcecode.c.h; explicitFileType = undefined; includeInIndex = 0; };
		E91036E1859C49B09B86CFCC /* GCDWebServerConnection.h */ = {isa = PBXFileReference; name = "GCDWebServerConnection.h"; path = "cordova-plugin-ionic-webview/GCDWebServerConnection.h"; sourceTree = "<group>"; fileEncoding = 4; lastKnownFileType = sourcecode.c.h; explicitFileType = undefined; includeInIndex = 0; };
		8AC4C7CE68BB4BD9A6B31B40 /* GCDWebServerFunctions.h */ = {isa = PBXFileReference; name = "GCDWebServerFunctions.h"; path = "cordova-plugin-ionic-webview/GCDWebServerFunctions.h"; sourceTree = "<group>"; fileEncoding = 4; lastKnownFileType = sourcecode.c.h; explicitFileType = undefined; includeInIndex = 0; };
		A3095C6D16E843BBB736CE62 /* GCDWebServerHTTPStatusCodes.h */ = {isa = PBXFileReference; name = "GCDWebServerHTTPStatusCodes.h"; path = "cordova-plugin-ionic-webview/GCDWebServerHTTPStatusCodes.h"; sourceTree = "<group>"; fileEncoding = 4; lastKnownFileType = sourcecode.c.h; explicitFileType = undefined; includeInIndex = 0; };
		DCA169A0D6D944E2B20339C4 /* GCDWebServerPrivate.h */ = {isa = PBXFileReference; name = "GCDWebServerPrivate.h"; path = "cordova-plugin-ionic-webview/GCDWebServerPrivate.h"; sourceTree = "<group>"; fileEncoding = 4; lastKnownFileType = sourcecode.c.h; explicitFileType = undefined; includeInIndex = 0; };
		4E7E1E148BCA47738C76CB89 /* GCDWebServerRequest.h */ = {isa = PBXFileReference; name = "GCDWebServerRequest.h"; path = "cordova-plugin-ionic-webview/GCDWebServerRequest.h"; sourceTree = "<group>"; fileEncoding = 4; lastKnownFileType = sourcecode.c.h; explicitFileType = undefined; includeInIndex = 0; };
		BB1275E81AAF4D1BB06DCB29 /* GCDWebServerResponse.h */ = {isa = PBXFileReference; name = "GCDWebServerResponse.h"; path = "cordova-plugin-ionic-webview/GCDWebServerResponse.h"; sourceTree = "<group>"; fileEncoding = 4; lastKnownFileType = sourcecode.c.h; explicitFileType = undefined; includeInIndex = 0; };
		157E95BD5FE14230B2671BDB /* GCDWebServerDataRequest.h */ = {isa = PBXFileReference; name = "GCDWebServerDataRequest.h"; path = "cordova-plugin-ionic-webview/GCDWebServerDataRequest.h"; sourceTree = "<group>"; fileEncoding = 4; lastKnownFileType = sourcecode.c.h; explicitFileType = undefined; includeInIndex = 0; };
		068FC327A4CF4F82BB189A9C /* GCDWebServerFileRequest.h */ = {isa = PBXFileReference; name = "GCDWebServerFileRequest.h"; path = "cordova-plugin-ionic-webview/GCDWebServerFileRequest.h"; sourceTree = "<group>"; fileEncoding = 4; lastKnownFileType = sourcecode.c.h; explicitFileType = undefined; includeInIndex = 0; };
		7323D3C3BA1F4DCB996710CE /* GCDWebServerMultiPartFormRequest.h */ = {isa = PBXFileReference; name = "GCDWebServerMultiPartFormRequest.h"; path = "cordova-plugin-ionic-webview/GCDWebServerMultiPartFormRequest.h"; sourceTree = "<group>"; fileEncoding = 4; lastKnownFileType = sourcecode.c.h; explicitFileType = undefined; includeInIndex = 0; };
		6F6CADE3192B4BF291D42B48 /* GCDWebServerURLEncodedFormRequest.h */ = {isa = PBXFileReference; name = "GCDWebServerURLEncodedFormRequest.h"; path = "cordova-plugin-ionic-webview/GCDWebServerURLEncodedFormRequest.h"; sourceTree = "<group>"; fileEncoding = 4; lastKnownFileType = sourcecode.c.h; explicitFileType = undefined; includeInIndex = 0; };
		FA68ED6D505348968FD70D89 /* GCDWebServerDataResponse.h */ = {isa = PBXFileReference; name = "GCDWebServerDataResponse.h"; path = "cordova-plugin-ionic-webview/GCDWebServerDataResponse.h"; sourceTree = "<group>"; fileEncoding = 4; lastKnownFileType = sourcecode.c.h; explicitFileType = undefined; includeInIndex = 0; };
		41B0C7AAB12144F299D57EA5 /* GCDWebServerErrorResponse.h */ = {isa = PBXFileReference; name = "GCDWebServerErrorResponse.h"; path = "cordova-plugin-ionic-webview/GCDWebServerErrorResponse.h"; sourceTree = "<group>"; fileEncoding = 4; lastKnownFileType = sourcecode.c.h; explicitFileType = undefined; includeInIndex = 0; };
		1E13B917A6DD4DA9A35782A9 /* GCDWebServerFileResponse.h */ = {isa = PBXFileReference; name = "GCDWebServerFileResponse.h"; path = "cordova-plugin-ionic-webview/GCDWebServerFileResponse.h"; sourceTree = "<group>"; fileEncoding = 4; lastKnownFileType = sourcecode.c.h; explicitFileType = undefined; includeInIndex = 0; };
		B7185468B03C45F4895DEF8F /* GCDWebServerStreamedResponse.h */ = {isa = PBXFileReference; name = "GCDWebServerStreamedResponse.h"; path = "cordova-plugin-ionic-webview/GCDWebServerStreamedResponse.h"; sourceTree = "<group>"; fileEncoding = 4; lastKnownFileType = sourcecode.c.h; explicitFileType = undefined; includeInIndex = 0; };
		E3951B808D7F45FD9B518AA8 /* WebKit.framework */ = {isa = PBXFileReference; name = "WebKit.framework"; path = "System/Library/Frameworks/WebKit.framework"; sourceTree = SDKROOT; fileEncoding = undefined; lastKnownFileType = wrapper.framework; explicitFileType = undefined; includeInIndex = 0; };
		85D306E7A5804601952D2AE9 /* CDVIonicKeyboard.m */ = {isa = PBXFileReference; name = "CDVIonicKeyboard.m"; path = "cordova-plugin-ionic-keyboard/CDVIonicKeyboard.m"; sourceTree = "<group>"; fileEncoding = 4; lastKnownFileType = sourcecode.c.objc; explicitFileType = undefined; includeInIndex = 0; };
		6FFB05C27A3246C7950DBDE0 /* CDVIonicKeyboard.h */ = {isa = PBXFileReference; name = "CDVIonicKeyboard.h"; path = "cordova-plugin-ionic-keyboard/CDVIonicKeyboard.h"; sourceTree = "<group>"; fileEncoding = 4; lastKnownFileType = sourcecode.c.h; explicitFileType = undefined; includeInIndex = 0; };
		B82120CBC4944EA5A040BD09 /* CDVFile.m */ = {isa = PBXFileReference; name = "CDVFile.m"; path = "cordova-plugin-file/CDVFile.m"; sourceTree = "<group>"; fileEncoding = 4; lastKnownFileType = sourcecode.c.objc; explicitFileType = undefined; includeInIndex = 0; };
		5E14F6831FDA48D28FBDF927 /* CDVLocalFilesystem.m */ = {isa = PBXFileReference; name = "CDVLocalFilesystem.m"; path = "cordova-plugin-file/CDVLocalFilesystem.m"; sourceTree = "<group>"; fileEncoding = 4; lastKnownFileType = sourcecode.c.objc; explicitFileType = undefined; includeInIndex = 0; };
		C9EAB0613AC34894AC2907DF /* CDVAssetLibraryFilesystem.m */ = {isa = PBXFileReference; name = "CDVAssetLibraryFilesystem.m"; path = "cordova-plugin-file/CDVAssetLibraryFilesystem.m"; sourceTree = "<group>"; fileEncoding = 4; lastKnownFileType = sourcecode.c.objc; explicitFileType = undefined; includeInIndex = 0; };
		1C1F6AA6EF794AB19CAA5CB6 /* CDVFile.h */ = {isa = PBXFileReference; name = "CDVFile.h"; path = "cordova-plugin-file/CDVFile.h"; sourceTree = "<group>"; fileEncoding = 4; lastKnownFileType = sourcecode.c.h; explicitFileType = undefined; includeInIndex = 0; };
		E97DCA180B534E14A338BC92 /* CDVLocalFilesystem.h */ = {isa = PBXFileReference; name = "CDVLocalFilesystem.h"; path = "cordova-plugin-file/CDVLocalFilesystem.h"; sourceTree = "<group>"; fileEncoding = 4; lastKnownFileType = sourcecode.c.h; explicitFileType = undefined; includeInIndex = 0; };
		1665C992145B4A3896C67D83 /* CDVAssetLibraryFilesystem.h */ = {isa = PBXFileReference; name = "CDVAssetLibraryFilesystem.h"; path = "cordova-plugin-file/CDVAssetLibraryFilesystem.h"; sourceTree = "<group>"; fileEncoding = 4; lastKnownFileType = sourcecode.c.h; explicitFileType = undefined; includeInIndex = 0; };
		CA773B0BCEF148AD9846C230 /* CDVFileTransfer.m */ = {isa = PBXFileReference; name = "CDVFileTransfer.m"; path = "cordova-plugin-file-transfer/CDVFileTransfer.m"; sourceTree = "<group>"; fileEncoding = 4; lastKnownFileType = sourcecode.c.objc; explicitFileType = undefined; includeInIndex = 0; };
		C7B03757746E49EB90A9E735 /* CDVFileTransfer.h */ = {isa = PBXFileReference; name = "CDVFileTransfer.h"; path = "cordova-plugin-file-transfer/CDVFileTransfer.h"; sourceTree = "<group>"; fileEncoding = 4; lastKnownFileType = sourcecode.c.h; explicitFileType = undefined; includeInIndex = 0; };
		C88EE25D07AC4B638E6BE253 /* ZipPlugin.m */ = {isa = PBXFileReference; name = "ZipPlugin.m"; path = "cordova-plugin-zip/ZipPlugin.m"; sourceTree = "<group>"; fileEncoding = 4; lastKnownFileType = sourcecode.c.objc; explicitFileType = undefined; includeInIndex = 0; };
		C4671BE3D6D244359DD6FDF8 /* aescrypt.c */ = {isa = PBXFileReference; name = "aescrypt.c"; path = "cordova-plugin-zip/Plugins/aes/aescrypt.c"; sourceTree = "<group>"; fileEncoding = undefined; lastKnownFileType = unknown; explicitFileType = undefined; includeInIndex = 0; };
		7C5D15D2F4AF4628B0FCBD54 /* aeskey.c */ = {isa = PBXFileReference; name = "aeskey.c"; path = "cordova-plugin-zip/Plugins/aes/aeskey.c"; sourceTree = "<group>"; fileEncoding = undefined; lastKnownFileType = unknown; explicitFileType = undefined; includeInIndex = 0; };
		707A95B8F1A24EC19D35DE61 /* aestab.c */ = {isa = PBXFileReference; name = "aestab.c"; path = "cordova-plugin-zip/Plugins/aes/aestab.c"; sourceTree = "<group>"; fileEncoding = undefined; lastKnownFileType = unknown; explicitFileType = undefined; includeInIndex = 0; };
		1F62DB82C246428EA60058FB /* entropy.c */ = {isa = PBXFileReference; name = "entropy.c"; path = "cordova-plugin-zip/Plugins/aes/entropy.c"; sourceTree = "<group>"; fileEncoding = undefined; lastKnownFileType = unknown; explicitFileType = undefined; includeInIndex = 0; };
		142ADE30DB404E4A836A4F31 /* fileenc.c */ = {isa = PBXFileReference; name = "fileenc.c"; path = "cordova-plugin-zip/Plugins/aes/fileenc.c"; sourceTree = "<group>"; fileEncoding = undefined; lastKnownFileType = unknown; explicitFileType = undefined; includeInIndex = 0; };
		16557ACEAF994AFEBBF111D3 /* hmac.c */ = {isa = PBXFileReference; name = "hmac.c"; path = "cordova-plugin-zip/Plugins/aes/hmac.c"; sourceTree = "<group>"; fileEncoding = undefined; lastKnownFileType = unknown; explicitFileType = undefined; includeInIndex = 0; };
		9A17DBDCB3974A5B947F1D8D /* prng.c */ = {isa = PBXFileReference; name = "prng.c"; path = "cordova-plugin-zip/Plugins/aes/prng.c"; sourceTree = "<group>"; fileEncoding = undefined; lastKnownFileType = unknown; explicitFileType = undefined; includeInIndex = 0; };
		025C715690114E49A3E58482 /* pwd2key.c */ = {isa = PBXFileReference; name = "pwd2key.c"; path = "cordova-plugin-zip/Plugins/aes/pwd2key.c"; sourceTree = "<group>"; fileEncoding = undefined; lastKnownFileType = unknown; explicitFileType = undefined; includeInIndex = 0; };
		8E60857B84324DC282FA8837 /* sha1.c */ = {isa = PBXFileReference; name = "sha1.c"; path = "cordova-plugin-zip/Plugins/aes/sha1.c"; sourceTree = "<group>"; fileEncoding = undefined; lastKnownFileType = unknown; explicitFileType = undefined; includeInIndex = 0; };
		BA0CF032E61C40F3993B2067 /* SSZipArchive.m */ = {isa = PBXFileReference; name = "SSZipArchive.m"; path = "cordova-plugin-zip/Plugins/minizip/SSZipArchive.m"; sourceTree = "<group>"; fileEncoding = 4; lastKnownFileType = sourcecode.c.objc; explicitFileType = undefined; includeInIndex = 0; };
		13820421B3A54535B87867DA /* zip.c */ = {isa = PBXFileReference; name = "zip.c"; path = "cordova-plugin-zip/Plugins/minizip/zip.c"; sourceTree = "<group>"; fileEncoding = undefined; lastKnownFileType = unknown; explicitFileType = undefined; includeInIndex = 0; };
		322DE9E552DA4FA4A1B626E6 /* unzip.c */ = {isa = PBXFileReference; name = "unzip.c"; path = "cordova-plugin-zip/Plugins/minizip/unzip.c"; sourceTree = "<group>"; fileEncoding = undefined; lastKnownFileType = unknown; explicitFileType = undefined; includeInIndex = 0; };
		D0E1CFBA00404F0E8921312F /* mztools.c */ = {isa = PBXFileReference; name = "mztools.c"; path = "cordova-plugin-zip/Plugins/minizip/mztools.c"; sourceTree = "<group>"; fileEncoding = undefined; lastKnownFileType = unknown; explicitFileType = undefined; includeInIndex = 0; };
		D72ED1B99DBA4E89BD7DF7F2 /* ioapi.c */ = {isa = PBXFileReference; name = "ioapi.c"; path = "cordova-plugin-zip/Plugins/minizip/ioapi.c"; sourceTree = "<group>"; fileEncoding = undefined; lastKnownFileType = unknown; explicitFileType = undefined; includeInIndex = 0; };
		FE5C9B5606DA497884E01B2C /* ZipPlugin.h */ = {isa = PBXFileReference; name = "ZipPlugin.h"; path = "cordova-plugin-zip/ZipPlugin.h"; sourceTree = "<group>"; fileEncoding = 4; lastKnownFileType = sourcecode.c.h; explicitFileType = undefined; includeInIndex = 0; };
		89E77F8EA8434EAA8B0EFDC4 /* Common.h */ = {isa = PBXFileReference; name = "Common.h"; path = "cordova-plugin-zip/Common.h"; sourceTree = "<group>"; fileEncoding = 4; lastKnownFileType = sourcecode.c.h; explicitFileType = undefined; includeInIndex = 0; };
		7FBB914B95D4493EAB4F4D3F /* aes.h */ = {isa = PBXFileReference; name = "aes.h"; path = "cordova-plugin-zip/Plugins/aes/aes.h"; sourceTree = "<group>"; fileEncoding = 4; lastKnownFileType = sourcecode.c.h; explicitFileType = undefined; includeInIndex = 0; };
		57CB6FACA1A24698A3535944 /* aes_via_ace.h */ = {isa = PBXFileReference; name = "aes_via_ace.h"; path = "cordova-plugin-zip/Plugins/aes/aes_via_ace.h"; sourceTree = "<group>"; fileEncoding = 4; lastKnownFileType = sourcecode.c.h; explicitFileType = undefined; includeInIndex = 0; };
		E9BB73FDC66A4856995389FD /* aesopt.h */ = {isa = PBXFileReference; name = "aesopt.h"; path = "cordova-plugin-zip/Plugins/aes/aesopt.h"; sourceTree = "<group>"; fileEncoding = 4; lastKnownFileType = sourcecode.c.h; explicitFileType = undefined; includeInIndex = 0; };
		18347CF129CB49A783A621E6 /* aestab.h */ = {isa = PBXFileReference; name = "aestab.h"; path = "cordova-plugin-zip/Plugins/aes/aestab.h"; sourceTree = "<group>"; fileEncoding = 4; lastKnownFileType = sourcecode.c.h; explicitFileType = undefined; includeInIndex = 0; };
		7860CF0362484581AE15E879 /* brg_endian.h */ = {isa = PBXFileReference; name = "brg_endian.h"; path = "cordova-plugin-zip/Plugins/aes/brg_endian.h"; sourceTree = "<group>"; fileEncoding = 4; lastKnownFileType = sourcecode.c.h; explicitFileType = undefined; includeInIndex = 0; };
		A4217C206EA44919AEC8213E /* brg_types.h */ = {isa = PBXFileReference; name = "brg_types.h"; path = "cordova-plugin-zip/Plugins/aes/brg_types.h"; sourceTree = "<group>"; fileEncoding = 4; lastKnownFileType = sourcecode.c.h; explicitFileType = undefined; includeInIndex = 0; };
		BB1AD79AD3D14775AA66AB7B /* entropy.h */ = {isa = PBXFileReference; name = "entropy.h"; path = "cordova-plugin-zip/Plugins/aes/entropy.h"; sourceTree = "<group>"; fileEncoding = 4; lastKnownFileType = sourcecode.c.h; explicitFileType = undefined; includeInIndex = 0; };
		10DB42D5291C4CD1AD50399D /* fileenc.h */ = {isa = PBXFileReference; name = "fileenc.h"; path = "cordova-plugin-zip/Plugins/aes/fileenc.h"; sourceTree = "<group>"; fileEncoding = 4; lastKnownFileType = sourcecode.c.h; explicitFileType = undefined; includeInIndex = 0; };
		C7B5F2A7752C4347A5A455E4 /* hmac.h */ = {isa = PBXFileReference; name = "hmac.h"; path = "cordova-plugin-zip/Plugins/aes/hmac.h"; sourceTree = "<group>"; fileEncoding = 4; lastKnownFileType = sourcecode.c.h; explicitFileType = undefined; includeInIndex = 0; };
		EAD7153B5BA141BC8D988AF3 /* prng.h */ = {isa = PBXFileReference; name = "prng.h"; path = "cordova-plugin-zip/Plugins/aes/prng.h"; sourceTree = "<group>"; fileEncoding = 4; lastKnownFileType = sourcecode.c.h; explicitFileType = undefined; includeInIndex = 0; };
		1F23D106108C4637A852A59D /* pwd2key.h */ = {isa = PBXFileReference; name = "pwd2key.h"; path = "cordova-plugin-zip/Plugins/aes/pwd2key.h"; sourceTree = "<group>"; fileEncoding = 4; lastKnownFileType = sourcecode.c.h; explicitFileType = undefined; includeInIndex = 0; };
		922A6632FE3842119CAB175D /* sha1.h */ = {isa = PBXFileReference; name = "sha1.h"; path = "cordova-plugin-zip/Plugins/aes/sha1.h"; sourceTree = "<group>"; fileEncoding = 4; lastKnownFileType = sourcecode.c.h; explicitFileType = undefined; includeInIndex = 0; };
		A6D28C8BBDD84C8D923E8F5A /* SSZipArchive.h */ = {isa = PBXFileReference; name = "SSZipArchive.h"; path = "cordova-plugin-zip/Plugins/minizip/SSZipArchive.h"; sourceTree = "<group>"; fileEncoding = 4; lastKnownFileType = sourcecode.c.h; explicitFileType = undefined; includeInIndex = 0; };
		1759F1FC4EF44F92922CA2BE /* zip.h */ = {isa = PBXFileReference; name = "zip.h"; path = "cordova-plugin-zip/Plugins/minizip/zip.h"; sourceTree = "<group>"; fileEncoding = 4; lastKnownFileType = sourcecode.c.h; explicitFileType = undefined; includeInIndex = 0; };
		E4DA49D824534131813FE019 /* unzip.h */ = {isa = PBXFileReference; name = "unzip.h"; path = "cordova-plugin-zip/Plugins/minizip/unzip.h"; sourceTree = "<group>"; fileEncoding = 4; lastKnownFileType = sourcecode.c.h; explicitFileType = undefined; includeInIndex = 0; };
		90AB3EBAF85E4A0F90A1D922 /* mztools.h */ = {isa = PBXFileReference; name = "mztools.h"; path = "cordova-plugin-zip/Plugins/minizip/mztools.h"; sourceTree = "<group>"; fileEncoding = 4; lastKnownFileType = sourcecode.c.h; explicitFileType = undefined; includeInIndex = 0; };
		547C1EB2858A466EB690E680 /* ioapi.h */ = {isa = PBXFileReference; name = "ioapi.h"; path = "cordova-plugin-zip/Plugins/minizip/ioapi.h"; sourceTree = "<group>"; fileEncoding = 4; lastKnownFileType = sourcecode.c.h; explicitFileType = undefined; includeInIndex = 0; };
		99BC7AA9A9EC4BB8A34CD43F /* crypt.h */ = {isa = PBXFileReference; name = "crypt.h"; path = "cordova-plugin-zip/Plugins/minizip/crypt.h"; sourceTree = "<group>"; fileEncoding = 4; lastKnownFileType = sourcecode.c.h; explicitFileType = undefined; includeInIndex = 0; };
		C06105A80B484AAD9ED3C3D0 /* libz.dylib */ = {isa = PBXFileReference; name = "libz.dylib"; path = "usr/lib/libz.dylib"; sourceTree = SDKROOT; fileEncoding = undefined; lastKnownFileType = compiled.mach-o.dylib; explicitFileType = undefined; includeInIndex = 0; };
/* End PBXFileReference section */

/* Begin PBXFrameworksBuildPhase section */
		1D60588F0D05DD3D006BFB54 /* Frameworks */ = {
			isa = PBXFrameworksBuildPhase;
			buildActionMask = 2147483647;
			files = (
				301BF552109A68D80062928A /* libCordova.a in Frameworks */,
				6067BDB8EF7440E1B646344C /* libz.tbd in Frameworks */,
				00505D4393C1426E8219F072 /* WebKit.framework in Frameworks */,
				94A815CCC1EF43BEB9A72F35 /* libz.dylib in Frameworks */,
			);
			runOnlyForDeploymentPostprocessing = 0;
		};
/* End PBXFrameworksBuildPhase section */

/* Begin PBXGroup section */
		080E96DDFE201D6D7F000001 /* Classes */ = {
			isa = PBXGroup;
			children = (
				302D95EE14D2391D003F00A1 /* MainViewController.h */,
				302D95EF14D2391D003F00A1 /* MainViewController.m */,
				302D95F014D2391D003F00A1 /* MainViewController.xib */,
				1D3623240D0F684500981E51 /* AppDelegate.h */,
				1D3623250D0F684500981E51 /* AppDelegate.m */,
			);
			name = Classes;
			path = "TestFileUpload/Classes";
			sourceTree = SOURCE_ROOT;
		};
		19C28FACFE9D520D11CA2CBB /* Products */ = {
			isa = PBXGroup;
			children = (
				1D6058910D05DD3D006BFB54 /* TestFileUpload.app */,
			);
			name = Products;
			sourceTree = "<group>";
		};
		29B97314FDCFA39411CA2CEA /* CustomTemplate */ = {
			isa = PBXGroup;
			children = (
				EB87FDF41871DAF40020F90C /* config.xml */,
				EB87FDF31871DA8E0020F90C /* www */,
				EB87FDF11871DA420020F90C /* Staging */,
				301BF52D109A57CC0062928A /* CordovaLib.xcodeproj */,
				080E96DDFE201D6D7F000001 /* Classes */,
				307C750510C5A3420062BCA9 /* Plugins */,
				29B97315FDCFA39411CA2CEA /* Other Sources */,
				29B97317FDCFA39411CA2CEA /* Resources */,
				29B97323FDCFA39411CA2CEA /* Frameworks */,
				19C28FACFE9D520D11CA2CBB /* Products */,
			);
			name = CustomTemplate;
			sourceTree = "<group>";
		};
		29B97315FDCFA39411CA2CEA /* Other Sources */ = {
			isa = PBXGroup;
			children = (
				32CA4F630368D1EE00C91783 /* TestFileUpload-Prefix.pch */,
				29B97316FDCFA39411CA2CEA /* main.m */,
				ED33DF2A687741AEAF9F8254 /* Bridging-Header.h */,
			);
			name = "Other Sources";
			path = "TestFileUpload";
			sourceTree = "<group>";
		};
		29B97317FDCFA39411CA2CEA /* Resources */ = {
			isa = PBXGroup;
			children = (
				0207DA571B56EA530066E2B4 /* Images.xcassets */,
				3047A50E1AB8057F00498E2A /* config */,
				8D1107310486CEB800E47090 /* TestFileUpload-Info.plist */,
				6AFF5BF81D6E424B00AB3073 /* CDVLaunchScreen.storyboard */,
			);
			name = Resources;
			path = "TestFileUpload/Resources";
			sourceTree = "<group>";
		};
		29B97323FDCFA39411CA2CEA /* Frameworks */ = {
			isa = PBXGroup;
			children = (
				D9874F41775445A9A4CCF1B5 /* libz.tbd */,
				E3951B808D7F45FD9B518AA8 /* WebKit.framework */,
				C06105A80B484AAD9ED3C3D0 /* libz.dylib */,
			);
			name = Frameworks;
			sourceTree = "<group>";
		};
		301BF52E109A57CC0062928A /* Products */ = {
			isa = PBXGroup;
			children = (
				301BF535109A57CC0062928A /* libCordova.a */,
			);
			name = Products;
			sourceTree = "<group>";
		};
		3047A50E1AB8057F00498E2A /* config */ = {
			isa = PBXGroup;
			children = (
				3047A50F1AB8059700498E2A /* build-debug.xcconfig */,
				3047A5101AB8059700498E2A /* build-release.xcconfig */,
				3047A5111AB8059700498E2A /* build.xcconfig */,
			);
			name = config;
			sourceTree = "<group>";
		};
		307C750510C5A3420062BCA9 /* Plugins */ = {
			isa = PBXGroup;
			children = (
				03E8E1785DF34287A7F60B11 /* CDVDevice.m */,
				3716D41435224C7ABC61863B /* CDVDevice.h */,
				041882C497744098A72A98C9 /* CDVSplashScreen.m */,
				CA745F89FB274485B60A7ED5 /* CDVViewController+SplashScreen.m */,
				6E642F9DD0194E1AAEB18746 /* CDVSplashScreen.h */,
				BEF515AE394A473D89B585F5 /* CDVViewController+SplashScreen.h */,
				7DA275E9D0E74B0A9D9DE7EB /* CDVWKWebViewEngine.m */,
				73DFF28C177145468636B3D7 /* CDVWKWebViewUIDelegate.m */,
				E220F59940DC4A7495904400 /* CDVWKProcessPoolFactory.m */,
				59A5376F2D034DAA9E31BAB9 /* GCDWebServer.m */,
				E0708050AC3541568936EA2E /* GCDWebServerConnection.m */,
				99BA9B4859CA4E0E972AB3BD /* GCDWebServerFunctions.m */,
				612725D1715B4AB494E93B72 /* GCDWebServerRequest.m */,
				76EFF2AE5AEA485B9297660F /* GCDWebServerResponse.m */,
				F005B25F0A70471CAB817425 /* GCDWebServerDataRequest.m */,
				CF35BD40955C47DFA10D261F /* GCDWebServerFileRequest.m */,
				300BD65DA98A44D1BAD62D6A /* GCDWebServerMultiPartFormRequest.m */,
				7F01A9BC4CD54D76884136C0 /* GCDWebServerURLEncodedFormRequest.m */,
				0CE6CF3B413845B2898DE27F /* GCDWebServerDataResponse.m */,
				58085E3E6F7E44FEAC64B531 /* GCDWebServerErrorResponse.m */,
				E3317BBE31B2485CADC454FE /* GCDWebServerFileResponse.m */,
				8DE63DDD8CF34EDA8678BB41 /* GCDWebServerStreamedResponse.m */,
				93910270CAD64A06883360B6 /* CDVWKWebViewEngine.h */,
				65F39F125B424DF08D2E996E /* CDVWKWebViewUIDelegate.h */,
				76E976E07C8545CF9DB68530 /* CDVWKProcessPoolFactory.h */,
				08F9E2A8CC744F6EA7391EA5 /* GCDWebServer.h */,
				E91036E1859C49B09B86CFCC /* GCDWebServerConnection.h */,
				8AC4C7CE68BB4BD9A6B31B40 /* GCDWebServerFunctions.h */,
				A3095C6D16E843BBB736CE62 /* GCDWebServerHTTPStatusCodes.h */,
				DCA169A0D6D944E2B20339C4 /* GCDWebServerPrivate.h */,
				4E7E1E148BCA47738C76CB89 /* GCDWebServerRequest.h */,
				BB1275E81AAF4D1BB06DCB29 /* GCDWebServerResponse.h */,
				157E95BD5FE14230B2671BDB /* GCDWebServerDataRequest.h */,
				068FC327A4CF4F82BB189A9C /* GCDWebServerFileRequest.h */,
				7323D3C3BA1F4DCB996710CE /* GCDWebServerMultiPartFormRequest.h */,
				6F6CADE3192B4BF291D42B48 /* GCDWebServerURLEncodedFormRequest.h */,
				FA68ED6D505348968FD70D89 /* GCDWebServerDataResponse.h */,
				41B0C7AAB12144F299D57EA5 /* GCDWebServerErrorResponse.h */,
				1E13B917A6DD4DA9A35782A9 /* GCDWebServerFileResponse.h */,
				B7185468B03C45F4895DEF8F /* GCDWebServerStreamedResponse.h */,
				85D306E7A5804601952D2AE9 /* CDVIonicKeyboard.m */,
				6FFB05C27A3246C7950DBDE0 /* CDVIonicKeyboard.h */,
				B82120CBC4944EA5A040BD09 /* CDVFile.m */,
				5E14F6831FDA48D28FBDF927 /* CDVLocalFilesystem.m */,
				C9EAB0613AC34894AC2907DF /* CDVAssetLibraryFilesystem.m */,
				1C1F6AA6EF794AB19CAA5CB6 /* CDVFile.h */,
				E97DCA180B534E14A338BC92 /* CDVLocalFilesystem.h */,
				1665C992145B4A3896C67D83 /* CDVAssetLibraryFilesystem.h */,
				CA773B0BCEF148AD9846C230 /* CDVFileTransfer.m */,
				C7B03757746E49EB90A9E735 /* CDVFileTransfer.h */,
				C88EE25D07AC4B638E6BE253 /* ZipPlugin.m */,
				C4671BE3D6D244359DD6FDF8 /* aescrypt.c */,
				7C5D15D2F4AF4628B0FCBD54 /* aeskey.c */,
				707A95B8F1A24EC19D35DE61 /* aestab.c */,
				1F62DB82C246428EA60058FB /* entropy.c */,
				142ADE30DB404E4A836A4F31 /* fileenc.c */,
				16557ACEAF994AFEBBF111D3 /* hmac.c */,
				9A17DBDCB3974A5B947F1D8D /* prng.c */,
				025C715690114E49A3E58482 /* pwd2key.c */,
				8E60857B84324DC282FA8837 /* sha1.c */,
				BA0CF032E61C40F3993B2067 /* SSZipArchive.m */,
				13820421B3A54535B87867DA /* zip.c */,
				322DE9E552DA4FA4A1B626E6 /* unzip.c */,
				D0E1CFBA00404F0E8921312F /* mztools.c */,
				D72ED1B99DBA4E89BD7DF7F2 /* ioapi.c */,
				FE5C9B5606DA497884E01B2C /* ZipPlugin.h */,
				89E77F8EA8434EAA8B0EFDC4 /* Common.h */,
				7FBB914B95D4493EAB4F4D3F /* aes.h */,
				57CB6FACA1A24698A3535944 /* aes_via_ace.h */,
				E9BB73FDC66A4856995389FD /* aesopt.h */,
				18347CF129CB49A783A621E6 /* aestab.h */,
				7860CF0362484581AE15E879 /* brg_endian.h */,
				A4217C206EA44919AEC8213E /* brg_types.h */,
				BB1AD79AD3D14775AA66AB7B /* entropy.h */,
				10DB42D5291C4CD1AD50399D /* fileenc.h */,
				C7B5F2A7752C4347A5A455E4 /* hmac.h */,
				EAD7153B5BA141BC8D988AF3 /* prng.h */,
				1F23D106108C4637A852A59D /* pwd2key.h */,
				922A6632FE3842119CAB175D /* sha1.h */,
				A6D28C8BBDD84C8D923E8F5A /* SSZipArchive.h */,
				1759F1FC4EF44F92922CA2BE /* zip.h */,
				E4DA49D824534131813FE019 /* unzip.h */,
				90AB3EBAF85E4A0F90A1D922 /* mztools.h */,
				547C1EB2858A466EB690E680 /* ioapi.h */,
				99BC7AA9A9EC4BB8A34CD43F /* crypt.h */,
			);
			name = Plugins;
			path = "TestFileUpload/Plugins";
			sourceTree = SOURCE_ROOT;
		};
		EB87FDF11871DA420020F90C /* Staging */ = {
			isa = PBXGroup;
			children = (
				F840E1F0165FE0F500CFE078 /* config.xml */,
				301BF56E109A69640062928A /* www */,
			);
			name = Staging;
			sourceTree = "<group>";
		};
/* End PBXGroup section */

/* Begin PBXNativeTarget section */
		1D6058900D05DD3D006BFB54 /* TestFileUpload */ = {
			isa = PBXNativeTarget;
			buildConfigurationList = 1D6058960D05DD3E006BFB54 /* Build configuration list for PBXNativeTarget "TestFileUpload" */;
			buildPhases = (
				304B58A110DAC018002A0835 /* Copy www directory */,
				1D60588D0D05DD3D006BFB54 /* Resources */,
				1D60588E0D05DD3D006BFB54 /* Sources */,
				1D60588F0D05DD3D006BFB54 /* Frameworks */,
			);
			buildRules = (
			);
			dependencies = (
				301BF551109A68C00062928A /* PBXTargetDependency */,
			);
			name = "TestFileUpload";
			productName = "TestFileUpload";
			productReference = 1D6058910D05DD3D006BFB54 /* TestFileUpload.app */;
			productType = "com.apple.product-type.application";
		};
/* End PBXNativeTarget section */

/* Begin PBXProject section */
		29B97313FDCFA39411CA2CEA /* Project object */ = {
			isa = PBXProject;
			attributes = {
				LastUpgradeCheck = 510;
			};
			buildConfigurationList = C01FCF4E08A954540054247B /* Build configuration list for PBXProject "__NON-CLI__" */;
			compatibilityVersion = "Xcode 3.2";
			developmentRegion = English;
			hasScannedForEncodings = 1;
			mainGroup = 29B97314FDCFA39411CA2CEA /* CustomTemplate */;
			projectDirPath = "";
			projectReferences = (
				{
					ProductGroup = 301BF52E109A57CC0062928A /* Products */;
					ProjectRef = 301BF52D109A57CC0062928A /* CordovaLib.xcodeproj */;
				},
			);
			projectRoot = "";
			targets = (
				1D6058900D05DD3D006BFB54 /* TestFileUpload */,
			);
		};
/* End PBXProject section */

/* Begin PBXReferenceProxy section */
		301BF535109A57CC0062928A /* libCordova.a */ = {
			isa = PBXReferenceProxy;
			fileType = archive.ar;
			path = libCordova.a;
			remoteRef = 301BF534109A57CC0062928A /* PBXContainerItemProxy */;
			sourceTree = BUILT_PRODUCTS_DIR;
		};
/* End PBXReferenceProxy section */

/* Begin PBXResourcesBuildPhase section */
		1D60588D0D05DD3D006BFB54 /* Resources */ = {
			isa = PBXResourcesBuildPhase;
			buildActionMask = 2147483647;
			files = (
				302D95F214D2391D003F00A1 /* MainViewController.xib in Resources */,
				0207DA581B56EA530066E2B4 /* Images.xcassets in Resources */,
				6AFF5BF91D6E424B00AB3073 /* CDVLaunchScreen.storyboard in Resources */,
			);
			runOnlyForDeploymentPostprocessing = 0;
		};
/* End PBXResourcesBuildPhase section */

/* Begin PBXShellScriptBuildPhase section */
		304B58A110DAC018002A0835 /* Copy www directory */ = {
			isa = PBXShellScriptBuildPhase;
			buildActionMask = 2147483647;
			files = (
			);
			inputPaths = (
			);
			name = "Copy www directory";
			outputPaths = (
			);
			runOnlyForDeploymentPostprocessing = 0;
			shellPath = /bin/sh;
			shellScript = "NODEJS_PATH=/usr/local/bin; NVM_NODE_PATH=~/.nvm/versions/node/`nvm version 2>/dev/null`/bin; N_NODE_PATH=`find /usr/local/n/versions/node/* -maxdepth 0 -type d 2>/dev/null | tail -1`/bin; XCODE_NODE_PATH=`xcode-select --print-path`/usr/share/xcs/Node/bin; PATH=$NODEJS_PATH:$NVM_NODE_PATH:$N_NODE_PATH:$XCODE_NODE_PATH:$PATH && node cordova/lib/copy-www-build-step.js";
			showEnvVarsInLog = 0;
		};
/* End PBXShellScriptBuildPhase section */

/* Begin PBXSourcesBuildPhase section */
		1D60588E0D05DD3D006BFB54 /* Sources */ = {
			isa = PBXSourcesBuildPhase;
			buildActionMask = 2147483647;
			files = (
				1D60589B0D05DD56006BFB54 /* main.m in Sources */,
				1D3623260D0F684500981E51 /* AppDelegate.m in Sources */,
				302D95F114D2391D003F00A1 /* MainViewController.m in Sources */,
				DD999B79A90646E2A724A1CE /* CDVDevice.m in Sources */,
				000F69B267DF4BC2BB11EF6D /* CDVSplashScreen.m in Sources */,
				33FFAF8973CA4253922609AA /* CDVViewController+SplashScreen.m in Sources */,
				C77F2E6DEC0142ED98E857E1 /* CDVWKWebViewEngine.m in Sources */,
				A3E363D17C6448A0B1C8AC8E /* CDVWKWebViewUIDelegate.m in Sources */,
				C6F4179B01DB410FA8EB183D /* CDVWKProcessPoolFactory.m in Sources */,
				621D48E0A6834D8CA6C3961D /* GCDWebServer.m in Sources */,
				C88B5872494A4D06B4434FFC /* GCDWebServerConnection.m in Sources */,
				2B4AAF9F2A7640D38C18FABE /* GCDWebServerFunctions.m in Sources */,
				31D3B6B17F184E74BA4730B0 /* GCDWebServerRequest.m in Sources */,
				8DD10F48973D4680B08D78F3 /* GCDWebServerResponse.m in Sources */,
				6AD360C8D9294B7A9D549B96 /* GCDWebServerDataRequest.m in Sources */,
				2803E503FACA4A1E8D6C47AC /* GCDWebServerFileRequest.m in Sources */,
				8E9825AC4B5440C1AA747F64 /* GCDWebServerMultiPartFormRequest.m in Sources */,
				F953E0D4CE5746B684EBECDA /* GCDWebServerURLEncodedFormRequest.m in Sources */,
				6CE823D1CDB3411896F1CA7F /* GCDWebServerDataResponse.m in Sources */,
				7E7EC79AD19842C592C86CE9 /* GCDWebServerErrorResponse.m in Sources */,
				A3D8A4BCA9EF426EBA88CBF4 /* GCDWebServerFileResponse.m in Sources */,
				27A06D3090E34EEC950C215A /* GCDWebServerStreamedResponse.m in Sources */,
				6E9E5354A4CF487BA1C178B6 /* CDVIonicKeyboard.m in Sources */,
				7ABC0DF8569E49EE9660BE30 /* CDVFile.m in Sources */,
				7227841C685E48A1AE4CC1DA /* CDVLocalFilesystem.m in Sources */,
				0F2B6959F708428B9AC182AA /* CDVAssetLibraryFilesystem.m in Sources */,
				C07A2ED636544E57801CB14F /* CDVFileTransfer.m in Sources */,
				55A6281CCF424C0D821C4AE8 /* ZipPlugin.m in Sources */,
				DEEA8849BB3A4C9A9F3E5CD9 /* aescrypt.c in Resources */,
				F462729F81C343A695AD1151 /* aeskey.c in Resources */,
				02068D3BC3134CC288DA7F3B /* aestab.c in Resources */,
				FCA3FE4EB3954ED3A1655363 /* entropy.c in Resources */,
				E427F8F7D1C44198BC08C7E0 /* fileenc.c in Resources */,
				9B5C202BCCE14C99AFDD86ED /* hmac.c in Resources */,
				3803AFF47E9C422BBFB8E062 /* prng.c in Resources */,
				8098C823EA9140A2A2460F61 /* pwd2key.c in Resources */,
				FD1975EADD544749A0F9D95F /* sha1.c in Resources */,
				2C31F4676AED4D6AACD02492 /* SSZipArchive.m in Sources */,
				41A7498B6D32425089AE840F /* zip.c in Resources */,
				973D587147A548CC98E827B0 /* unzip.c in Resources */,
				5FBA8A74DA7B40E894C2A1C2 /* mztools.c in Resources */,
				AD04A006E5B14EE1A6B43ED4 /* ioapi.c in Resources */,
			);
			runOnlyForDeploymentPostprocessing = 0;
		};
/* End PBXSourcesBuildPhase section */

/* Begin PBXTargetDependency section */
		301BF551109A68C00062928A /* PBXTargetDependency */ = {
			isa = PBXTargetDependency;
			name = CordovaLib;
			targetProxy = 301BF550109A68C00062928A /* PBXContainerItemProxy */;
		};
/* End PBXTargetDependency section */

/* Begin XCBuildConfiguration section */
		1D6058940D05DD3E006BFB54 /* Debug */ = {
			isa = XCBuildConfiguration;
			baseConfigurationReference = 3047A50F1AB8059700498E2A /* build-debug.xcconfig */;
			buildSettings = {
				ALWAYS_SEARCH_USER_PATHS = NO;
				ASSETCATALOG_COMPILER_APPICON_NAME = AppIcon;
				ASSETCATALOG_COMPILER_LAUNCHIMAGE_NAME = LaunchImage;
				CLANG_ENABLE_MODULES = YES;
				CLANG_ENABLE_OBJC_ARC = YES;
				COPY_PHASE_STRIP = NO;
				GCC_DYNAMIC_NO_PIC = NO;
				GCC_OPTIMIZATION_LEVEL = 0;
				GCC_PRECOMPILE_PREFIX_HEADER = YES;
				GCC_PREFIX_HEADER = "TestFileUpload/TestFileUpload-Prefix.pch";
				GCC_THUMB_SUPPORT = NO;
				GCC_VERSION = "";
				INFOPLIST_FILE = "TestFileUpload/TestFileUpload-Info.plist";
				IPHONEOS_DEPLOYMENT_TARGET = 9.0;
				LD_RUNPATH_SEARCH_PATHS = "@executable_path/Frameworks";
				TARGETED_DEVICE_FAMILY = "1,2";
				PRODUCT_NAME = "TestFileUpload";
			};
			name = Debug;
		};
		1D6058950D05DD3E006BFB54 /* Release */ = {
			isa = XCBuildConfiguration;
			baseConfigurationReference = 3047A5101AB8059700498E2A /* build-release.xcconfig */;
			buildSettings = {
				ALWAYS_SEARCH_USER_PATHS = NO;
				ASSETCATALOG_COMPILER_APPICON_NAME = AppIcon;
				ASSETCATALOG_COMPILER_LAUNCHIMAGE_NAME = LaunchImage;
				CLANG_ENABLE_MODULES = YES;
				CLANG_ENABLE_OBJC_ARC = YES;
				COPY_PHASE_STRIP = YES;
				GCC_PRECOMPILE_PREFIX_HEADER = YES;
				GCC_PREFIX_HEADER = "TestFileUpload/TestFileUpload-Prefix.pch";
				GCC_THUMB_SUPPORT = NO;
				GCC_VERSION = "";
				INFOPLIST_FILE = "TestFileUpload/TestFileUpload-Info.plist";
				IPHONEOS_DEPLOYMENT_TARGET = 9.0;
				LD_RUNPATH_SEARCH_PATHS = "@executable_path/Frameworks";
				TARGETED_DEVICE_FAMILY = "1,2";
				PRODUCT_NAME = "TestFileUpload";
			};
			name = Release;
		};
		C01FCF4F08A954540054247B /* Debug */ = {
			isa = XCBuildConfiguration;
			baseConfigurationReference = 3047A5111AB8059700498E2A /* build.xcconfig */;
			buildSettings = {
				CLANG_ENABLE_MODULES = YES;
				CLANG_ENABLE_OBJC_ARC = YES;
				CLANG_WARN_BOOL_CONVERSION = YES;
				CLANG_WARN_CONSTANT_CONVERSION = YES;
				CLANG_WARN_EMPTY_BODY = YES;
				CLANG_WARN_ENUM_CONVERSION = YES;
				CLANG_WARN_INT_CONVERSION = YES;
				CLANG_WARN__DUPLICATE_METHOD_MATCH = YES;
				GCC_C_LANGUAGE_STANDARD = c99;
				GCC_THUMB_SUPPORT = NO;
				GCC_VERSION = "";
				GCC_WARN_ABOUT_RETURN_TYPE = YES;
				GCC_WARN_UNDECLARED_SELECTOR = YES;
				GCC_WARN_UNINITIALIZED_AUTOS = YES;
				GCC_WARN_UNUSED_FUNCTION = YES;
				GCC_WARN_UNUSED_VARIABLE = YES;
				ONLY_ACTIVE_ARCH = YES;
				SDKROOT = iphoneos;
				SKIP_INSTALL = NO;
			};
			name = Debug;
		};
		C01FCF5008A954540054247B /* Release */ = {
			isa = XCBuildConfiguration;
			baseConfigurationReference = 3047A5111AB8059700498E2A /* build.xcconfig */;
			buildSettings = {
				CLANG_ENABLE_MODULES = YES;
				CLANG_ENABLE_OBJC_ARC = YES;
				CLANG_WARN_BOOL_CONVERSION = YES;
				CLANG_WARN_CONSTANT_CONVERSION = YES;
				CLANG_WARN_EMPTY_BODY = YES;
				CLANG_WARN_ENUM_CONVERSION = YES;
				CLANG_WARN_INT_CONVERSION = YES;
				CLANG_WARN__DUPLICATE_METHOD_MATCH = YES;
				GCC_C_LANGUAGE_STANDARD = c99;
				GCC_THUMB_SUPPORT = NO;
				GCC_VERSION = "";
				GCC_WARN_ABOUT_RETURN_TYPE = YES;
				GCC_WARN_UNDECLARED_SELECTOR = YES;
				GCC_WARN_UNINITIALIZED_AUTOS = YES;
				GCC_WARN_UNUSED_FUNCTION = YES;
				GCC_WARN_UNUSED_VARIABLE = YES;
				SDKROOT = iphoneos;
				SKIP_INSTALL = NO;
			};
			name = Release;
		};
/* End XCBuildConfiguration section */

/* Begin XCConfigurationList section */
		1D6058960D05DD3E006BFB54 /* Build configuration list for PBXNativeTarget "TestFileUpload" */ = {
			isa = XCConfigurationList;
			buildConfigurations = (
				1D6058940D05DD3E006BFB54 /* Debug */,
				1D6058950D05DD3E006BFB54 /* Release */,
			);
			defaultConfigurationIsVisible = 0;
			defaultConfigurationName = Release;
		};
		C01FCF4E08A954540054247B /* Build configuration list for PBXProject "__NON-CLI__" */ = {
			isa = XCConfigurationList;
			buildConfigurations = (
				C01FCF4F08A954540054247B /* Debug */,
				C01FCF5008A954540054247B /* Release */,
			);
			defaultConfigurationIsVisible = 0;
			defaultConfigurationName = Release;
		};
/* End XCConfigurationList section */
	};
	rootObject = 29B97313FDCFA39411CA2CEA /* Project object */;
}
